
Microsoft Visual Studio Solution File, Format Version 12.00
# Visual Studio Version 16
VisualStudioVersion = 16.0.29509.3
MinimumVisualStudioVersion = 10.0.40219.1
Project("{FAE04EC0-301F-11D3-BF4B-00C04F79EFBC}") = "fffdfdfsdsf", "fffdfdfsdsf.csproj", "{6926CB07-6C77-4D68-93BB-DE93D3093CB6}"
EndProject
Global
	GlobalSection(SolutionConfigurationPlatforms) = preSolution
		Debug|Any CPU = Debug|Any CPU
		Release|Any CPU = Release|Any CPU
	EndGlobalSection
	GlobalSection(ProjectConfigurationPlatforms) = postSolution
		{6926CB07-6C77-4D68-93BB-DE93D3093CB6}.Debug|Any CPU.ActiveCfg = Debug|Any CPU
		{6926CB07-6C77-4D68-93BB-DE93D3093CB6}.Debug|Any CPU.Build.0 = Debug|Any CPU
		{6926CB07-6C77-4D68-93BB-DE93D3093CB6}.Release|Any CPU.ActiveCfg = Release|Any CPU
		{6926CB07-6C77-4D68-93BB-DE93D3093CB6}.Release|Any CPU.Build.0 = Release|Any CPU
	EndGlobalSection
	GlobalSection(SolutionProperties) = preSolution
		HideSolutionNode = FALSE
	EndGlobalSection
	GlobalSection(ExtensibilityGlobals) = postSolution
		SolutionGuid = {2E7DCB67-F668-47AC-883D-BA27CC27F668}
	EndGlobalSection
EndGlobal
